
Microsoft Visual Studio Solution File, Format Version 12.00
# Visual Studio Version 17
VisualStudioVersion = 17.0.31903.59
MinimumVisualStudioVersion = 10.0.40219.1
Project("{FAE04EC0-301F-11D3-BF4B-00C04F79EFBC}") = "TaskManagementApp.Application", "TaskManagementApp.Application\TaskManagementApp.Application.csproj", "{2D340E7F-9085-4D58-BF83-871838369085}"
EndProject
Project("{FAE04EC0-301F-11D3-BF4B-00C04F79EFBC}") = "TaskManagementApp.Domain", "TaskManagementApp.Domain\TaskManagementApp.Domain.csproj", "{115119C5-7392-4E81-82D4-A712404F5EA1}"
EndProject
Project("{FAE04EC0-301F-11D3-BF4B-00C04F79EFBC}") = "TaskManagementApp.Infrastructure", "TaskManagementApp.Infrastructure\TaskManagementApp.Infrastructure.csproj", "{82365F5D-AFB1-47F6-923E-9F46D6DCD614}"
EndProject
Project("{FAE04EC0-301F-11D3-BF4B-00C04F79EFBC}") = "TaskManagementApp.WebAPI", "TaskManagementApp.WebAPI\TaskManagementApp.WebAPI.csproj", "{ED048EF5-7E08-4701-99CF-28EC081406BA}"
EndProject
Global
	GlobalSection(SolutionConfigurationPlatforms) = preSolution
		Debug|Any CPU = Debug|Any CPU
		Release|Any CPU = Release|Any CPU
	EndGlobalSection
	GlobalSection(SolutionProperties) = preSolution
		HideSolutionNode = FALSE
	EndGlobalSection
	GlobalSection(ProjectConfigurationPlatforms) = postSolution
		{2D340E7F-9085-4D58-BF83-871838369085}.Debug|Any CPU.ActiveCfg = Debug|Any CPU
		{2D340E7F-9085-4D58-BF83-871838369085}.Debug|Any CPU.Build.0 = Debug|Any CPU
		{2D340E7F-9085-4D58-BF83-871838369085}.Release|Any CPU.ActiveCfg = Release|Any CPU
		{2D340E7F-9085-4D58-BF83-871838369085}.Release|Any CPU.Build.0 = Release|Any CPU
		{115119C5-7392-4E81-82D4-A712404F5EA1}.Debug|Any CPU.ActiveCfg = Debug|Any CPU
		{115119C5-7392-4E81-82D4-A712404F5EA1}.Debug|Any CPU.Build.0 = Debug|Any CPU
		{115119C5-7392-4E81-82D4-A712404F5EA1}.Release|Any CPU.ActiveCfg = Release|Any CPU
		{115119C5-7392-4E81-82D4-A712404F5EA1}.Release|Any CPU.Build.0 = Release|Any CPU
		{82365F5D-AFB1-47F6-923E-9F46D6DCD614}.Debug|Any CPU.ActiveCfg = Debug|Any CPU
		{82365F5D-AFB1-47F6-923E-9F46D6DCD614}.Debug|Any CPU.Build.0 = Debug|Any CPU
		{82365F5D-AFB1-47F6-923E-9F46D6DCD614}.Release|Any CPU.ActiveCfg = Release|Any CPU
		{82365F5D-AFB1-47F6-923E-9F46D6DCD614}.Release|Any CPU.Build.0 = Release|Any CPU
		{ED048EF5-7E08-4701-99CF-28EC081406BA}.Debug|Any CPU.ActiveCfg = Debug|Any CPU
		{ED048EF5-7E08-4701-99CF-28EC081406BA}.Debug|Any CPU.Build.0 = Debug|Any CPU
		{ED048EF5-7E08-4701-99CF-28EC081406BA}.Release|Any CPU.ActiveCfg = Release|Any CPU
		{ED048EF5-7E08-4701-99CF-28EC081406BA}.Release|Any CPU.Build.0 = Release|Any CPU
	EndGlobalSection
EndGlobal
